
Microsoft Visual Studio Solution File, Format Version 12.00
# Visual Studio Version 17
VisualStudioVersion = 17.4.33403.182
MinimumVisualStudioVersion = 10.0.40219.1
Project("{FAE04EC0-301F-11D3-BF4B-00C04F79EFBC}") = "laba1", "laba1\laba1.csproj", "{689D908B-3721-4037-ADAB-1B2FACC2A921}"
EndProject
Global
	GlobalSection(SolutionConfigurationPlatforms) = preSolution
		Debug|Any CPU = Debug|Any CPU
		Release|Any CPU = Release|Any CPU
	EndGlobalSection
	GlobalSection(ProjectConfigurationPlatforms) = postSolution
		{689D908B-3721-4037-ADAB-1B2FACC2A921}.Debug|Any CPU.ActiveCfg = Debug|Any CPU
		{689D908B-3721-4037-ADAB-1B2FACC2A921}.Debug|Any CPU.Build.0 = Debug|Any CPU
		{689D908B-3721-4037-ADAB-1B2FACC2A921}.Release|Any CPU.ActiveCfg = Release|Any CPU
		{689D908B-3721-4037-ADAB-1B2FACC2A921}.Release|Any CPU.Build.0 = Release|Any CPU
	EndGlobalSection
	GlobalSection(SolutionProperties) = preSolution
		HideSolutionNode = FALSE
	EndGlobalSection
	GlobalSection(ExtensibilityGlobals) = postSolution
		SolutionGuid = {C7E983B1-2B07-490B-AFAD-52416C44476A}
	EndGlobalSection
EndGlobal
