
Microsoft Visual Studio Solution File, Format Version 12.00
# Visual Studio Version 17
VisualStudioVersion = 17.6.33723.286
MinimumVisualStudioVersion = 10.0.40219.1
Project("{FAE04EC0-301F-11D3-BF4B-00C04F79EFBC}") = "WindowsFormsApp6", "WindowsFormsApp6\WindowsFormsApp6.csproj", "{EB2505FC-6F4F-4951-ABC2-E73E9C27404C}"
EndProject
Global
	GlobalSection(SolutionConfigurationPlatforms) = preSolution
		Debug|Any CPU = Debug|Any CPU
		Release|Any CPU = Release|Any CPU
	EndGlobalSection
	GlobalSection(ProjectConfigurationPlatforms) = postSolution
		{EB2505FC-6F4F-4951-ABC2-E73E9C27404C}.Debug|Any CPU.ActiveCfg = Debug|Any CPU
		{EB2505FC-6F4F-4951-ABC2-E73E9C27404C}.Debug|Any CPU.Build.0 = Debug|Any CPU
		{EB2505FC-6F4F-4951-ABC2-E73E9C27404C}.Release|Any CPU.ActiveCfg = Release|Any CPU
		{EB2505FC-6F4F-4951-ABC2-E73E9C27404C}.Release|Any CPU.Build.0 = Release|Any CPU
	EndGlobalSection
	GlobalSection(SolutionProperties) = preSolution
		HideSolutionNode = FALSE
	EndGlobalSection
	GlobalSection(ExtensibilityGlobals) = postSolution
		SolutionGuid = {AC8CFEF0-A993-4472-9292-6D1831A6D4B2}
	EndGlobalSection
EndGlobal
