
Microsoft Visual Studio Solution File, Format Version 11.00
# Visual Studio 2010
Project("{FAE04EC0-301F-11D3-BF4B-00C04F79EFBC}") = "Assembly-CSharp-firstpass", "Assembly-CSharp-firstpass.csproj", "{b08adf87-73ae-c037-4452-4c26aa347532}"
EndProject
Project("{FAE04EC0-301F-11D3-BF4B-00C04F79EFBC}") = "Assembly-CSharp", "Assembly-CSharp.csproj", "{71000c89-83e0-3302-459f-05198fd25d6c}"
EndProject
Project("{FAE04EC0-301F-11D3-BF4B-00C04F79EFBC}") = "Assembly-CSharp-Editor-firstpass", "Assembly-CSharp-Editor-firstpass.csproj", "{ced6c459-5c65-8883-0514-be7f2d433b09}"
EndProject
Global
	GlobalSection(SolutionConfigurationPlatforms) = preSolution
		Debug|Any CPU = Debug|Any CPU
	EndGlobalSection
	GlobalSection(ProjectConfigurationPlatforms) = postSolution
		{b08adf87-73ae-c037-4452-4c26aa347532}.Debug|Any CPU.ActiveCfg = Debug|Any CPU
		{b08adf87-73ae-c037-4452-4c26aa347532}.Debug|Any CPU.Build.0 = Debug|Any CPU
		{71000c89-83e0-3302-459f-05198fd25d6c}.Debug|Any CPU.ActiveCfg = Debug|Any CPU
		{71000c89-83e0-3302-459f-05198fd25d6c}.Debug|Any CPU.Build.0 = Debug|Any CPU
		{ced6c459-5c65-8883-0514-be7f2d433b09}.Debug|Any CPU.ActiveCfg = Debug|Any CPU
		{ced6c459-5c65-8883-0514-be7f2d433b09}.Debug|Any CPU.Build.0 = Debug|Any CPU
	EndGlobalSection
	GlobalSection(SolutionProperties) = preSolution
		HideSolutionNode = FALSE
	EndGlobalSection
EndGlobal
