
Microsoft Visual Studio Solution File, Format Version 12.00
# Visual Studio Version 17
VisualStudioVersion = 17.4.33205.214
MinimumVisualStudioVersion = 10.0.40219.1
Project("{FAE04EC0-301F-11D3-BF4B-00C04F79EFBC}") = "Лабораторная работа № 4-5", "Лабораторная работа № 4-5.csproj", "{CA6AAEC7-7527-46E8-96A9-32794023BFBC}"
EndProject
Global
	GlobalSection(SolutionConfigurationPlatforms) = preSolution
		Debug|Any CPU = Debug|Any CPU
		Release|Any CPU = Release|Any CPU
	EndGlobalSection
	GlobalSection(ProjectConfigurationPlatforms) = postSolution
		{CA6AAEC7-7527-46E8-96A9-32794023BFBC}.Debug|Any CPU.ActiveCfg = Debug|Any CPU
		{CA6AAEC7-7527-46E8-96A9-32794023BFBC}.Debug|Any CPU.Build.0 = Debug|Any CPU
		{CA6AAEC7-7527-46E8-96A9-32794023BFBC}.Release|Any CPU.ActiveCfg = Release|Any CPU
		{CA6AAEC7-7527-46E8-96A9-32794023BFBC}.Release|Any CPU.Build.0 = Release|Any CPU
	EndGlobalSection
	GlobalSection(SolutionProperties) = preSolution
		HideSolutionNode = FALSE
	EndGlobalSection
	GlobalSection(ExtensibilityGlobals) = postSolution
		SolutionGuid = {0C9CDC39-14D0-4B1F-BF2B-31428410F22A}
	EndGlobalSection
EndGlobal
