
Microsoft Visual Studio Solution File, Format Version 12.00
# Visual Studio Version 17
VisualStudioVersion = 17.5.33516.290
MinimumVisualStudioVersion = 10.0.40219.1
Project("{FAE04EC0-301F-11D3-BF4B-00C04F79EFBC}") = "ConsoleApp4", "ConsoleApp4\ConsoleApp4.csproj", "{0CB32FDA-09FB-4D6E-AC44-5AC82CFCFCD7}"
	ProjectSection(ProjectDependencies) = postProject
		{360B993C-C6A7-4041-883A-A7CA48D0889F} = {360B993C-C6A7-4041-883A-A7CA48D0889F}
	EndProjectSection
EndProject
Project("{FAE04EC0-301F-11D3-BF4B-00C04F79EFBC}") = "Lec04LibN", "Lec04LibN\Lec04LibN.csproj", "{360B993C-C6A7-4041-883A-A7CA48D0889F}"
EndProject
Global
	GlobalSection(SolutionConfigurationPlatforms) = preSolution
		Debug|Any CPU = Debug|Any CPU
		Release|Any CPU = Release|Any CPU
	EndGlobalSection
	GlobalSection(ProjectConfigurationPlatforms) = postSolution
		{0CB32FDA-09FB-4D6E-AC44-5AC82CFCFCD7}.Debug|Any CPU.ActiveCfg = Debug|Any CPU
		{0CB32FDA-09FB-4D6E-AC44-5AC82CFCFCD7}.Debug|Any CPU.Build.0 = Debug|Any CPU
		{0CB32FDA-09FB-4D6E-AC44-5AC82CFCFCD7}.Release|Any CPU.ActiveCfg = Release|Any CPU
		{0CB32FDA-09FB-4D6E-AC44-5AC82CFCFCD7}.Release|Any CPU.Build.0 = Release|Any CPU
		{360B993C-C6A7-4041-883A-A7CA48D0889F}.Debug|Any CPU.ActiveCfg = Debug|Any CPU
		{360B993C-C6A7-4041-883A-A7CA48D0889F}.Debug|Any CPU.Build.0 = Debug|Any CPU
		{360B993C-C6A7-4041-883A-A7CA48D0889F}.Release|Any CPU.ActiveCfg = Release|Any CPU
		{360B993C-C6A7-4041-883A-A7CA48D0889F}.Release|Any CPU.Build.0 = Release|Any CPU
	EndGlobalSection
	GlobalSection(SolutionProperties) = preSolution
		HideSolutionNode = FALSE
	EndGlobalSection
	GlobalSection(ExtensibilityGlobals) = postSolution
		SolutionGuid = {B4D414BC-6D01-478D-9509-76FF843B36F0}
	EndGlobalSection
EndGlobal
