
Microsoft Visual Studio Solution File, Format Version 12.00
# Visual Studio Version 17
VisualStudioVersion = 17.6.33723.286
MinimumVisualStudioVersion = 10.0.40219.1
Project("{FAE04EC0-301F-11D3-BF4B-00C04F79EFBC}") = "WindowsFormsApp1", "WindowsFormsApp1\WindowsFormsApp1.csproj", "{DDD87E1F-6B70-417B-877B-89DF64F0722A}"
EndProject
Global
	GlobalSection(SolutionConfigurationPlatforms) = preSolution
		Debug|Any CPU = Debug|Any CPU
		Release|Any CPU = Release|Any CPU
	EndGlobalSection
	GlobalSection(ProjectConfigurationPlatforms) = postSolution
		{DDD87E1F-6B70-417B-877B-89DF64F0722A}.Debug|Any CPU.ActiveCfg = Debug|Any CPU
		{DDD87E1F-6B70-417B-877B-89DF64F0722A}.Debug|Any CPU.Build.0 = Debug|Any CPU
		{DDD87E1F-6B70-417B-877B-89DF64F0722A}.Release|Any CPU.ActiveCfg = Release|Any CPU
		{DDD87E1F-6B70-417B-877B-89DF64F0722A}.Release|Any CPU.Build.0 = Release|Any CPU
	EndGlobalSection
	GlobalSection(SolutionProperties) = preSolution
		HideSolutionNode = FALSE
	EndGlobalSection
	GlobalSection(ExtensibilityGlobals) = postSolution
		SolutionGuid = {21785E8F-CEEF-4FD3-8C23-433A794058F4}
	EndGlobalSection
EndGlobal
