
Microsoft Visual Studio Solution File, Format Version 12.00
# Visual Studio Version 17
VisualStudioVersion = 17.6.33723.286
MinimumVisualStudioVersion = 10.0.40219.1
Project("{FAE04EC0-301F-11D3-BF4B-00C04F79EFBC}") = "WindowsFormsApp5", "WindowsFormsApp5\WindowsFormsApp5.csproj", "{D28E949B-CE07-4813-8177-9368DADC9593}"
EndProject
Global
	GlobalSection(SolutionConfigurationPlatforms) = preSolution
		Debug|Any CPU = Debug|Any CPU
		Release|Any CPU = Release|Any CPU
	EndGlobalSection
	GlobalSection(ProjectConfigurationPlatforms) = postSolution
		{D28E949B-CE07-4813-8177-9368DADC9593}.Debug|Any CPU.ActiveCfg = Debug|Any CPU
		{D28E949B-CE07-4813-8177-9368DADC9593}.Debug|Any CPU.Build.0 = Debug|Any CPU
		{D28E949B-CE07-4813-8177-9368DADC9593}.Release|Any CPU.ActiveCfg = Release|Any CPU
		{D28E949B-CE07-4813-8177-9368DADC9593}.Release|Any CPU.Build.0 = Release|Any CPU
	EndGlobalSection
	GlobalSection(SolutionProperties) = preSolution
		HideSolutionNode = FALSE
	EndGlobalSection
	GlobalSection(ExtensibilityGlobals) = postSolution
		SolutionGuid = {D94F8B7E-242B-42C4-9B3A-8409B395C5ED}
	EndGlobalSection
EndGlobal
